{
  "originHash" : "8591299f56f99bf1207e6422ab3ee361a1955282e6b2dd054e365d7c477f516f",
  "pins" : [
    {
      "identity" : "elevenlabsswift",
      "kind" : "remoteSourceControl",
      "location" : "https://github.com/elevenlabs/ElevenLabsSwift",
      "state" : {
        "branch" : "main",
        "revision" : "6572735c29e609eb1808096d90f619f2b31e5d00"
      }
    },
    {
      "identity" : "perfect-copenssl",
      "kind" : "remoteSourceControl",
      "location" : "https://github.com/PerfectlySoft/Perfect-COpenSSL.git",
      "state" : {
        "revision" : "ce3113e159b8c6d8565e5d8db2672b572c81aea9",
        "version" : "4.0.2"
      }
    },
    {
      "identity" : "perfect-crypto",
      "kind" : "remoteSourceControl",
      "location" : "https://github.com/PerfectlySoft/Perfect-Crypto.git",
      "state" : {
        "revision" : "98373fa3a6c3d551e498c1babe4f25f650fa1310",
        "version" : "3.3.0"
      }
    },
    {
      "identity" : "perfect-czlib-src",
      "kind" : "remoteSourceControl",
      "location" : "https://github.com/PerfectlySoft/Perfect-CZlib-src.git",
      "state" : {
        "revision" : "b63e46909aad937c6434766f8f8c6720d8f3bd05",
        "version" : "0.0.4"
      }
    },
    {
      "identity" : "perfect-http",
      "kind" : "remoteSourceControl",
      "location" : "https://github.com/PerfectlySoft/Perfect-HTTP.git",
      "state" : {
        "revision" : "122affd0bb5090c61bdc1e50e7f32ab6457d228e",
        "version" : "3.3.0"
      }
    },
    {
      "identity" : "perfect-httpserver",
      "kind" : "remoteSourceControl",
      "location" : "https://github.com/PerfectlySoft/Perfect-HTTPServer.git",
      "state" : {
        "revision" : "4843cd54762d59b7e70841663ae561b279b80946",
        "version" : "3.0.23"
      }
    },
    {
      "identity" : "perfect-net",
      "kind" : "remoteSourceControl",
      "location" : "https://github.com/PerfectlySoft/Perfect-Net.git",
      "state" : {
        "revision" : "d00b2b9f4cccb4c398e1bcf18f767d6b8add6af7",
        "version" : "3.3.0"
      }
    },
    {
      "identity" : "perfect-thread",
      "kind" : "remoteSourceControl",
      "location" : "https://github.com/PerfectlySoft/Perfect-Thread.git",
      "state" : {
        "revision" : "a50b9a33f08fce638f33ae3121613fe499cc23ec",
        "version" : "3.0.7"
      }
    },
    {
      "identity" : "perfectlib",
      "kind" : "remoteSourceControl",
      "location" : "https://github.com/PerfectlySoft/PerfectLib.git",
      "state" : {
        "revision" : "5a08c2a596df23a3ae30b6ac9cb509a38384166c",
        "version" : "3.1.4"
      }
    },
    {
      "identity" : "rxswift",
      "kind" : "remoteSourceControl",
      "location" : "https://github.com/ReactiveX/RxSwift.git",
      "state" : {
        "revision" : "c7c7d2cf50a3211fe2843f76869c698e4e417930",
        "version" : "6.8.0"
      }
    },
    {
      "identity" : "starscream",
      "kind" : "remoteSourceControl",
      "location" : "https://github.com/daltoniam/Starscream.git",
      "state" : {
        "revision" : "c6bfd1af48efcc9a9ad203665db12375ba6b145a",
        "version" : "4.0.8"
      }
    },
    {
      "identity" : "swiftybeaver",
      "kind" : "remoteSourceControl",
      "location" : "https://github.com/SwiftyBeaver/SwiftyBeaver.git",
      "state" : {
        "revision" : "8cba041db09596183331d123f337d0eb2e6e8e91",
        "version" : "2.1.1"
      }
    }
  ],
  "version" : 3
}
